// !$*UTF8*$!
{
	archiveVersion = 1;
	classes = {
	};
	objectVersion = 46;
	objects = {

/* Begin PBXBuildFile section */
		D32537331AF37ED400CEBE7A /* AppDelegate.swift in Sources */ = {isa = PBXBuildFile; fileRef = D32537321AF37ED400CEBE7A /* AppDelegate.swift */; };
		D32537351AF37ED400CEBE7A /* ViewController.swift in Sources */ = {isa = PBXBuildFile; fileRef = D32537341AF37ED400CEBE7A /* ViewController.swift */; };
		D32537381AF37ED400CEBE7A /* Main.storyboard in Resources */ = {isa = PBXBuildFile; fileRef = D32537361AF37ED400CEBE7A /* Main.storyboard */; };
		D325373A1AF37ED400CEBE7A /* Images.xcassets in Resources */ = {isa = PBXBuildFile; fileRef = D32537391AF37ED400CEBE7A /* Images.xcassets */; };
		D325373D1AF37ED400CEBE7A /* LaunchScreen.xib in Resources */ = {isa = PBXBuildFile; fileRef = D325373B1AF37ED400CEBE7A /* LaunchScreen.xib */; };
		D32537491AF37ED400CEBE7A /* Hedef_imTests.swift in Sources */ = {isa = PBXBuildFile; fileRef = D32537481AF37ED400CEBE7A /* Hedef_imTests.swift */; };
/* End PBXBuildFile section */

/* Begin PBXContainerItemProxy section */
		D32537431AF37ED400CEBE7A /* PBXContainerItemProxy */ = {
			isa = PBXContainerItemProxy;
			containerPortal = D32537251AF37ED400CEBE7A /* Project object */;
			proxyType = 1;
			remoteGlobalIDString = D325372C1AF37ED400CEBE7A;
			remoteInfo = Hedef.im;
		};
/* End PBXContainerItemProxy section */

/* Begin PBXFileReference section */
		D325372D1AF37ED400CEBE7A /* Hedef.im.app */ = {isa = PBXFileReference; explicitFileType = wrapper.application; includeInIndex = 0; path = Hedef.im.app; sourceTree = BUILT_PRODUCTS_DIR; };
		D32537311AF37ED400CEBE7A /* Info.plist */ = {isa = PBXFileReference; lastKnownFileType = text.plist.xml; path = Info.plist; sourceTree = "<group>"; };
		D32537321AF37ED400CEBE7A /* AppDelegate.swift */ = {isa = PBXFileReference; lastKnownFileType = sourcecode.swift; path = AppDelegate.swift; sourceTree = "<group>"; };
		D32537341AF37ED400CEBE7A /* ViewController.swift */ = {isa = PBXFileReference; lastKnownFileType = sourcecode.swift; path = ViewController.swift; sourceTree = "<group>"; };
		D32537371AF37ED400CEBE7A /* Base */ = {isa = PBXFileReference; lastKnownFileType = file.storyboard; name = Base; path = Base.lproj/Main.storyboard; sourceTree = "<group>"; };
		D32537391AF37ED400CEBE7A /* Images.xcassets */ = {isa = PBXFileReference; lastKnownFileType = folder.assetcatalog; path = Images.xcassets; sourceTree = "<group>"; };
		D325373C1AF37ED400CEBE7A /* Base */ = {isa = PBXFileReference; lastKnownFileType = file.xib; name = Base; path = Base.lproj/LaunchScreen.xib; sourceTree = "<group>"; };
		D32537421AF37ED400CEBE7A /* Hedef.imTests.xctest */ = {isa = PBXFileReference; explicitFileType = wrapper.cfbundle; includeInIndex = 0; path = Hedef.imTests.xctest; sourceTree = BUILT_PRODUCTS_DIR; };
		D32537471AF37ED400CEBE7A /* Info.plist */ = {isa = PBXFileReference; lastKnownFileType = text.plist.xml; path = Info.plist; sourceTree = "<group>"; };
		D32537481AF37ED400CEBE7A /* Hedef_imTests.swift */ = {isa = PBXFileReference; lastKnownFileType = sourcecode.swift; path = Hedef_imTests.swift; sourceTree = "<group>"; };
/* End PBXFileReference section */

/* Begin PBXFrameworksBuildPhase section */
		D325372A1AF37ED400CEBE7A /* Frameworks */ = {
			isa = PBXFrameworksBuildPhase;
			buildActionMask = 2147483647;
			files = (
			);
			runOnlyForDeploymentPostprocessing = 0;
		};
		D325373F1AF37ED400CEBE7A /* Frameworks */ = {
			isa = PBXFrameworksBuildPhase;
			buildActionMask = 2147483647;
			files = (
			);
			runOnlyForDeploymentPostprocessing = 0;
		};
/* End PBXFrameworksBuildPhase section */

/* Begin PBXGroup section */
		D32537241AF37ED400CEBE7A = {
			isa = PBXGroup;
			children = (
				D325372F1AF37ED400CEBE7A /* Hedef.im */,
				D32537451AF37ED400CEBE7A /* Hedef.imTests */,
				D325372E1AF37ED400CEBE7A /* Products */,
			);
			sourceTree = "<group>";
		};
		D325372E1AF37ED400CEBE7A /* Products */ = {
			isa = PBXGroup;
			children = (
				D325372D1AF37ED400CEBE7A /* Hedef.im.app */,
				D32537421AF37ED400CEBE7A /* Hedef.imTests.xctest */,
			);
			name = Products;
			sourceTree = "<group>";
		};
		D325372F1AF37ED400CEBE7A /* Hedef.im */ = {
			isa = PBXGroup;
			children = (
				D32537321AF37ED400CEBE7A /* AppDelegate.swift */,
				D32537341AF37ED400CEBE7A /* ViewController.swift */,
				D32537361AF37ED400CEBE7A /* Main.storyboard */,
				D32537391AF37ED400CEBE7A /* Images.xcassets */,
				D325373B1AF37ED400CEBE7A /* LaunchScreen.xib */,
				D32537301AF37ED400CEBE7A /* Supporting Files */,
			);
			path = Hedef.im;
			sourceTree = "<group>";
		};
		D32537301AF37ED400CEBE7A /* Supporting Files */ = {
			isa = PBXGroup;
			children = (
				D32537311AF37ED400CEBE7A /* Info.plist */,
			);
			name = "Supporting Files";
			sourceTree = "<group>";
		};
		D32537451AF37ED400CEBE7A /* Hedef.imTests */ = {
			isa = PBXGroup;
			children = (
				D32537481AF37ED400CEBE7A /* Hedef_imTests.swift */,
				D32537461AF37ED400CEBE7A /* Supporting Files */,
			);
			path = Hedef.imTests;
			sourceTree = "<group>";
		};
		D32537461AF37ED400CEBE7A /* Supporting Files */ = {
			isa = PBXGroup;
			children = (
				D32537471AF37ED400CEBE7A /* Info.plist */,
			);
			name = "Supporting Files";
			sourceTree = "<group>";
		};
/* End PBXGroup section */

/* Begin PBXNativeTarget section */
		D325372C1AF37ED400CEBE7A /* Hedef.im */ = {
			isa = PBXNativeTarget;
			buildConfigurationList = D325374C1AF37ED400CEBE7A /* Build configuration list for PBXNativeTarget "Hedef.im" */;
			buildPhases = (
				D32537291AF37ED400CEBE7A /* Sources */,
				D325372A1AF37ED400CEBE7A /* Frameworks */,
				D325372B1AF37ED400CEBE7A /* Resources */,
			);
			buildRules = (
			);
			dependencies = (
			);
			name = Hedef.im;
			productName = Hedef.im;
			productReference = D325372D1AF37ED400CEBE7A /* Hedef.im.app */;
			productType = "com.apple.product-type.application";
		};
		D32537411AF37ED400CEBE7A /* Hedef.imTests */ = {
			isa = PBXNativeTarget;
			buildConfigurationList = D325374F1AF37ED400CEBE7A /* Build configuration list for PBXNativeTarget "Hedef.imTests" */;
			buildPhases = (
				D325373E1AF37ED400CEBE7A /* Sources */,
				D325373F1AF37ED400CEBE7A /* Frameworks */,
				D32537401AF37ED400CEBE7A /* Resources */,
			);
			buildRules = (
			);
			dependencies = (
				D32537441AF37ED400CEBE7A /* PBXTargetDependency */,
			);
			name = Hedef.imTests;
			productName = Hedef.imTests;
			productReference = D32537421AF37ED400CEBE7A /* Hedef.imTests.xctest */;
			productType = "com.apple.product-type.bundle.unit-test";
		};
/* End PBXNativeTarget section */

/* Begin PBXProject section */
		D32537251AF37ED400CEBE7A /* Project object */ = {
			isa = PBXProject;
			attributes = {
				LastUpgradeCheck = 0630;
				ORGANIZATIONNAME = AybarsCengaver;
				TargetAttributes = {
					D325372C1AF37ED400CEBE7A = {
						CreatedOnToolsVersion = 6.3.1;
					};
					D32537411AF37ED400CEBE7A = {
						CreatedOnToolsVersion = 6.3.1;
						TestTargetID = D325372C1AF37ED400CEBE7A;
					};
				};
			};
			buildConfigurationList = D32537281AF37ED400CEBE7A /* Build configuration list for PBXProject "Hedef.im" */;
			compatibilityVersion = "Xcode 3.2";
			developmentRegion = English;
			hasScannedForEncodings = 0;
			knownRegions = (
				en,
				Base,
			);
			mainGroup = D32537241AF37ED400CEBE7A;
			productRefGroup = D325372E1AF37ED400CEBE7A /* Products */;
			projectDirPath = "";
			projectRoot = "";
			targets = (
				D325372C1AF37ED400CEBE7A /* Hedef.im */,
				D32537411AF37ED400CEBE7A /* Hedef.imTests */,
			);
		};
/* End PBXProject section */

/* Begin PBXResourcesBuildPhase section */
		D325372B1AF37ED400CEBE7A /* Resources */ = {
			isa = PBXResourcesBuildPhase;
			buildActionMask = 2147483647;
			files = (
				D32537381AF37ED400CEBE7A /* Main.storyboard in Resources */,
				D325373D1AF37ED400CEBE7A /* LaunchScreen.xib in Resources */,
				D325373A1AF37ED400CEBE7A /* Images.xcassets in Resources */,
			);
			runOnlyForDeploymentPostprocessing = 0;
		};
		D32537401AF37ED400CEBE7A /* Resources */ = {
			isa = PBXResourcesBuildPhase;
			buildActionMask = 2147483647;
			files = (
			);
			runOnlyForDeploymentPostprocessing = 0;
		};
/* End PBXResourcesBuildPhase section */

/* Begin PBXSourcesBuildPhase section */
		D32537291AF37ED400CEBE7A /* Sources */ = {
			isa = PBXSourcesBuildPhase;
			buildActionMask = 2147483647;
			files = (
				D32537351AF37ED400CEBE7A /* ViewController.swift in Sources */,
				D32537331AF37ED400CEBE7A /* AppDelegate.swift in Sources */,
			);
			runOnlyForDeploymentPostprocessing = 0;
		};
		D325373E1AF37ED400CEBE7A /* Sources */ = {
			isa = PBXSourcesBuildPhase;
			buildActionMask = 2147483647;
			files = (
				D32537491AF37ED400CEBE7A /* Hedef_imTests.swift in Sources */,
			);
			runOnlyForDeploymentPostprocessing = 0;
		};
/* End PBXSourcesBuildPhase section */

/* Begin PBXTargetDependency section */
		D32537441AF37ED400CEBE7A /* PBXTargetDependency */ = {
			isa = PBXTargetDependency;
			target = D325372C1AF37ED400CEBE7A /* Hedef.im */;
			targetProxy = D32537431AF37ED400CEBE7A /* PBXContainerItemProxy */;
		};
/* End PBXTargetDependency section */

/* Begin PBXVariantGroup section */
		D32537361AF37ED400CEBE7A /* Main.storyboard */ = {
			isa = PBXVariantGroup;
			children = (
				D32537371AF37ED400CEBE7A /* Base */,
			);
			name = Main.storyboard;
			sourceTree = "<group>";
		};
		D325373B1AF37ED400CEBE7A /* LaunchScreen.xib */ = {
			isa = PBXVariantGroup;
			children = (
				D325373C1AF37ED400CEBE7A /* Base */,
			);
			name = LaunchScreen.xib;
			sourceTree = "<group>";
		};
/* End PBXVariantGroup section */

/* Begin XCBuildConfiguration section */
		D325374A1AF37ED400CEBE7A /* Debug */ = {
			isa = XCBuildConfiguration;
			buildSettings = {
				ALWAYS_SEARCH_USER_PATHS = NO;
				CLANG_CXX_LANGUAGE_STANDARD = "gnu++0x";
				CLANG_CXX_LIBRARY = "libc++";
				CLANG_ENABLE_MODULES = YES;
				CLANG_ENABLE_OBJC_ARC = YES;
				CLANG_WARN_BOOL_CONVERSION = YES;
				CLANG_WARN_CONSTANT_CONVERSION = YES;
				CLANG_WARN_DIRECT_OBJC_ISA_USAGE = YES_ERROR;
				CLANG_WARN_EMPTY_BODY = YES;
				CLANG_WARN_ENUM_CONVERSION = YES;
				CLANG_WARN_INT_CONVERSION = YES;
				CLANG_WARN_OBJC_ROOT_CLASS = YES_ERROR;
				CLANG_WARN_UNREACHABLE_CODE = YES;
				CLANG_WARN__DUPLICATE_METHOD_MATCH = YES;
				"CODE_SIGN_IDENTITY[sdk=iphoneos*]" = "iPhone Developer";
				COPY_PHASE_STRIP = NO;
				DEBUG_INFORMATION_FORMAT = "dwarf-with-dsym";
				ENABLE_STRICT_OBJC_MSGSEND = YES;
				GCC_C_LANGUAGE_STANDARD = gnu99;
				GCC_DYNAMIC_NO_PIC = NO;
				GCC_NO_COMMON_BLOCKS = YES;
				GCC_OPTIMIZATION_LEVEL = 0;
				GCC_PREPROCESSOR_DEFINITIONS = (
					"DEBUG=1",
					"$(inherited)",
				);
				GCC_SYMBOLS_PRIVATE_EXTERN = NO;
				GCC_WARN_64_TO_32_BIT_CONVERSION = YES;
				GCC_WARN_ABOUT_RETURN_TYPE = YES_ERROR;
				GCC_WARN_UNDECLARED_SELECTOR = YES;
				GCC_WARN_UNINITIALIZED_AUTOS = YES_AGGRESSIVE;
				GCC_WARN_UNUSED_FUNCTION = YES;
				GCC_WARN_UNUSED_VARIABLE = YES;
				IPHONEOS_DEPLOYMENT_TARGET = 8.3;
				MTL_ENABLE_DEBUG_INFO = YES;
				ONLY_ACTIVE_ARCH = YES;
				SDKROOT = iphoneos;
				SWIFT_OPTIMIZATION_LEVEL = "-Onone";
			};
			name = Debug;
		};
		D325374B1AF37ED400CEBE7A /* Release */ = {
			isa = XCBuildConfiguration;
			buildSettings = {
				ALWAYS_SEARCH_USER_PATHS = NO;
				CLANG_CXX_LANGUAGE_STANDARD = "gnu++0x";
				CLANG_CXX_LIBRARY = "libc++";
				CLANG_ENABLE_MODULES = YES;
				CLANG_ENABLE_OBJC_ARC = YES;
				CLANG_WARN_BOOL_CONVERSION = YES;
				CLANG_WARN_CONSTANT_CONVERSION = YES;
				CLANG_WARN_DIRECT_OBJC_ISA_USAGE = YES_ERROR;
				CLANG_WARN_EMPTY_BODY = YES;
				CLANG_WARN_ENUM_CONVERSION = YES;
				CLANG_WARN_INT_CONVERSION = YES;
				CLANG_WARN_OBJC_ROOT_CLASS = YES_ERROR;
				CLANG_WARN_UNREACHABLE_CODE = YES;
				CLANG_WARN__DUPLICATE_METHOD_MATCH = YES;
				"CODE_SIGN_IDENTITY[sdk=iphoneos*]" = "iPhone Developer";
				COPY_PHASE_STRIP = NO;
				DEBUG_INFORMATION_FORMAT = "dwarf-with-dsym";
				ENABLE_NS_ASSERTIONS = NO;
				ENABLE_STRICT_OBJC_MSGSEND = YES;
				GCC_C_LANGUAGE_STANDARD = gnu99;
				GCC_NO_COMMON_BLOCKS = YES;
				GCC_WARN_64_TO_32_BIT_CONVERSION = YES;
				GCC_WARN_ABOUT_RETURN_TYPE = YES_ERROR;
				GCC_WARN_UNDECLARED_SELECTOR = YES;
				GCC_WARN_UNINITIALIZED_AUTOS = YES_AGGRESSIVE;
				GCC_WARN_UNUSED_FUNCTION = YES;
				GCC_WARN_UNUSED_VARIABLE = YES;
				IPHONEOS_DEPLOYMENT_TARGET = 8.3;
				MTL_ENABLE_DEBUG_INFO = NO;
				SDKROOT = iphoneos;
				VALIDATE_PRODUCT = YES;
			};
			name = Release;
		};
		D325374D1AF37ED400CEBE7A /* Debug */ = {
			isa = XCBuildConfiguration;
			buildSettings = {
				ASSETCATALOG_COMPILER_APPICON_NAME = AppIcon;
				INFOPLIST_FILE = Hedef.im/Info.plist;
				LD_RUNPATH_SEARCH_PATHS = "$(inherited) @executable_path/Frameworks";
				PRODUCT_NAME = "$(TARGET_NAME)";
			};
			name = Debug;
		};
		D325374E1AF37ED400CEBE7A /* Release */ = {
			isa = XCBuildConfiguration;
			buildSettings = {
				ASSETCATALOG_COMPILER_APPICON_NAME = AppIcon;
				INFOPLIST_FILE = Hedef.im/Info.plist;
				LD_RUNPATH_SEARCH_PATHS = "$(inherited) @executable_path/Frameworks";
				PRODUCT_NAME = "$(TARGET_NAME)";
			};
			name = Release;
		};
		D32537501AF37ED400CEBE7A /* Debug */ = {
			isa = XCBuildConfiguration;
			buildSettings = {
				BUNDLE_LOADER = "$(TEST_HOST)";
				FRAMEWORK_SEARCH_PATHS = (
					"$(SDKROOT)/Developer/Library/Frameworks",
					"$(inherited)",
				);
				GCC_PREPROCESSOR_DEFINITIONS = (
					"DEBUG=1",
					"$(inherited)",
				);
				INFOPLIST_FILE = Hedef.imTests/Info.plist;
				LD_RUNPATH_SEARCH_PATHS = "$(inherited) @executable_path/Frameworks @loader_path/Frameworks";
				PRODUCT_NAME = "$(TARGET_NAME)";
				TEST_HOST = "$(BUILT_PRODUCTS_DIR)/Hedef.im.app/Hedef.im";
			};
			name = Debug;
		};
		D32537511AF37ED400CEBE7A /* Release */ = {
			isa = XCBuildConfiguration;
			buildSettings = {
				BUNDLE_LOADER = "$(TEST_HOST)";
				FRAMEWORK_SEARCH_PATHS = (
					"$(SDKROOT)/Developer/Library/Frameworks",
					"$(inherited)",
				);
				INFOPLIST_FILE = Hedef.imTests/Info.plist;
				LD_RUNPATH_SEARCH_PATHS = "$(inherited) @executable_path/Frameworks @loader_path/Frameworks";
				PRODUCT_NAME = "$(TARGET_NAME)";
				TEST_HOST = "$(BUILT_PRODUCTS_DIR)/Hedef.im.app/Hedef.im";
			};
			name = Release;
		};
/* End XCBuildConfiguration section */

/* Begin XCConfigurationList section */
		D32537281AF37ED400CEBE7A /* Build configuration list for PBXProject "Hedef.im" */ = {
			isa = XCConfigurationList;
			buildConfigurations = (
				D325374A1AF37ED400CEBE7A /* Debug */,
				D325374B1AF37ED400CEBE7A /* Release */,
			);
			defaultConfigurationIsVisible = 0;
			defaultConfigurationName = Release;
		};
		D325374C1AF37ED400CEBE7A /* Build configuration list for PBXNativeTarget "Hedef.im" */ = {
			isa = XCConfigurationList;
			buildConfigurations = (
				D325374D1AF37ED400CEBE7A /* Debug */,
				D325374E1AF37ED400CEBE7A /* Release */,
			);
			defaultConfigurationIsVisible = 0;
		};
		D325374F1AF37ED400CEBE7A /* Build configuration list for PBXNativeTarget "Hedef.imTests" */ = {
			isa = XCConfigurationList;
			buildConfigurations = (
				D32537501AF37ED400CEBE7A /* Debug */,
				D32537511AF37ED400CEBE7A /* Release */,
			);
			defaultConfigurationIsVisible = 0;
		};
/* End XCConfigurationList section */
	};
	rootObject = D32537251AF37ED400CEBE7A /* Project object */;
}
